
Microsoft Visual Studio Solution File, Format Version 12.00
# Visual Studio 2013
VisualStudioVersion = 12.0.21005.1
MinimumVisualStudioVersion = 10.0.40219.1
Project("{FAE04EC0-301F-11D3-BF4B-00C04F79EFBC}") = "MSNTypedQueries", "MSNTypedQueries\MSNTypedQueries.csproj", "{E0CD728B-9D6F-42EF-8190-2BCB65E74339}"
EndProject
Project("{2150E333-8FDC-42A3-9474-1A3956D46DE8}") = "Typed Query Dataset Preparation", "Typed Query Dataset Preparation", "{2DC36116-C454-4FB9-83B8-1D88F4FBB14F}"
EndProject
Project("{FAE04EC0-301F-11D3-BF4B-00C04F79EFBC}") = "SogouTypedQueries", "SogouTypedQueries\SogouTypedQueries.csproj", "{8E1E43A1-48B6-42D5-B965-EC7523BB1176}"
EndProject
Project("{FAE04EC0-301F-11D3-BF4B-00C04F79EFBC}") = "AOLTypedQueries", "AOLTypedQueries\AOLTypedQueries.csproj", "{D280E7B1-892D-44D9-AD35-92A7776DDC86}"
EndProject
Project("{2150E333-8FDC-42A3-9474-1A3956D46DE8}") = "Testing", "Testing", "{A380A1BD-3C9C-4780-8E79-7FA456C9415A}"
EndProject
Project("{FAE04EC0-301F-11D3-BF4B-00C04F79EFBC}") = "SGDTesting", "SGDTesting\SGDTesting.csproj", "{366B814E-5EC2-4459-87B1-A9BD71F3D08F}"
EndProject
Project("{2150E333-8FDC-42A3-9474-1A3956D46DE8}") = "QAC Implementation and Simulation Experiments", "QAC Implementation and Simulation Experiments", "{FFA2B1A7-8DF3-40AC-8513-DA3E9D5DC24F}"
EndProject
Project("{2150E333-8FDC-42A3-9474-1A3956D46DE8}") = "Experimental Results Analysis", "Experimental Results Analysis", "{7E7B12E4-225B-4841-95B8-F7493D8887B2}"
EndProject
Project("{2150E333-8FDC-42A3-9474-1A3956D46DE8}") = "Online Training (MapReduce)", "Online Training (MapReduce)", "{37142BCA-8F23-47A6-879D-0233D5D389D0}"
EndProject
Project("{FAE04EC0-301F-11D3-BF4B-00C04F79EFBC}") = "OnlineTrainingRunMapper", "OnlineTrainingRunMapper\OnlineTrainingRunMapper.csproj", "{2D0523E2-897F-4E20-8D1C-3E009D99CFFB}"
EndProject
Project("{FAE04EC0-301F-11D3-BF4B-00C04F79EFBC}") = "OnlineTrainingRunReducer", "OnlineTrainingRunReducer\OnlineTrainingRunReducer.csproj", "{BBB01FE1-A97B-4B6D-B265-16A2EE2FF0F9}"
EndProject
Project("{FAE04EC0-301F-11D3-BF4B-00C04F79EFBC}") = "QACExperimenter", "QACExperimenter\QACExperimenter.csproj", "{C2F3D61B-E2CD-4BDE-8E0D-4F30FDC4F192}"
EndProject
Global
	GlobalSection(SolutionConfigurationPlatforms) = preSolution
		Debug|Any CPU = Debug|Any CPU
		Release|Any CPU = Release|Any CPU
	EndGlobalSection
	GlobalSection(ProjectConfigurationPlatforms) = postSolution
		{E0CD728B-9D6F-42EF-8190-2BCB65E74339}.Debug|Any CPU.ActiveCfg = Debug|Any CPU
		{E0CD728B-9D6F-42EF-8190-2BCB65E74339}.Debug|Any CPU.Build.0 = Debug|Any CPU
		{E0CD728B-9D6F-42EF-8190-2BCB65E74339}.Release|Any CPU.ActiveCfg = Release|Any CPU
		{E0CD728B-9D6F-42EF-8190-2BCB65E74339}.Release|Any CPU.Build.0 = Release|Any CPU
		{8E1E43A1-48B6-42D5-B965-EC7523BB1176}.Debug|Any CPU.ActiveCfg = Debug|Any CPU
		{8E1E43A1-48B6-42D5-B965-EC7523BB1176}.Debug|Any CPU.Build.0 = Debug|Any CPU
		{8E1E43A1-48B6-42D5-B965-EC7523BB1176}.Release|Any CPU.ActiveCfg = Release|Any CPU
		{8E1E43A1-48B6-42D5-B965-EC7523BB1176}.Release|Any CPU.Build.0 = Release|Any CPU
		{D280E7B1-892D-44D9-AD35-92A7776DDC86}.Debug|Any CPU.ActiveCfg = Debug|Any CPU
		{D280E7B1-892D-44D9-AD35-92A7776DDC86}.Debug|Any CPU.Build.0 = Debug|Any CPU
		{D280E7B1-892D-44D9-AD35-92A7776DDC86}.Release|Any CPU.ActiveCfg = Release|Any CPU
		{D280E7B1-892D-44D9-AD35-92A7776DDC86}.Release|Any CPU.Build.0 = Release|Any CPU
		{366B814E-5EC2-4459-87B1-A9BD71F3D08F}.Debug|Any CPU.ActiveCfg = Debug|Any CPU
		{366B814E-5EC2-4459-87B1-A9BD71F3D08F}.Debug|Any CPU.Build.0 = Debug|Any CPU
		{366B814E-5EC2-4459-87B1-A9BD71F3D08F}.Release|Any CPU.ActiveCfg = Release|Any CPU
		{366B814E-5EC2-4459-87B1-A9BD71F3D08F}.Release|Any CPU.Build.0 = Release|Any CPU
		{2D0523E2-897F-4E20-8D1C-3E009D99CFFB}.Debug|Any CPU.ActiveCfg = Debug|Any CPU
		{2D0523E2-897F-4E20-8D1C-3E009D99CFFB}.Debug|Any CPU.Build.0 = Debug|Any CPU
		{2D0523E2-897F-4E20-8D1C-3E009D99CFFB}.Release|Any CPU.ActiveCfg = Release|Any CPU
		{2D0523E2-897F-4E20-8D1C-3E009D99CFFB}.Release|Any CPU.Build.0 = Release|Any CPU
		{BBB01FE1-A97B-4B6D-B265-16A2EE2FF0F9}.Debug|Any CPU.ActiveCfg = Debug|Any CPU
		{BBB01FE1-A97B-4B6D-B265-16A2EE2FF0F9}.Debug|Any CPU.Build.0 = Debug|Any CPU
		{BBB01FE1-A97B-4B6D-B265-16A2EE2FF0F9}.Release|Any CPU.ActiveCfg = Release|Any CPU
		{BBB01FE1-A97B-4B6D-B265-16A2EE2FF0F9}.Release|Any CPU.Build.0 = Release|Any CPU
		{C2F3D61B-E2CD-4BDE-8E0D-4F30FDC4F192}.Debug|Any CPU.ActiveCfg = Debug|Any CPU
		{C2F3D61B-E2CD-4BDE-8E0D-4F30FDC4F192}.Debug|Any CPU.Build.0 = Debug|Any CPU
		{C2F3D61B-E2CD-4BDE-8E0D-4F30FDC4F192}.Release|Any CPU.ActiveCfg = Release|Any CPU
		{C2F3D61B-E2CD-4BDE-8E0D-4F30FDC4F192}.Release|Any CPU.Build.0 = Release|Any CPU
	EndGlobalSection
	GlobalSection(SolutionProperties) = preSolution
		HideSolutionNode = FALSE
	EndGlobalSection
	GlobalSection(NestedProjects) = preSolution
		{E0CD728B-9D6F-42EF-8190-2BCB65E74339} = {2DC36116-C454-4FB9-83B8-1D88F4FBB14F}
		{8E1E43A1-48B6-42D5-B965-EC7523BB1176} = {2DC36116-C454-4FB9-83B8-1D88F4FBB14F}
		{D280E7B1-892D-44D9-AD35-92A7776DDC86} = {2DC36116-C454-4FB9-83B8-1D88F4FBB14F}
		{366B814E-5EC2-4459-87B1-A9BD71F3D08F} = {A380A1BD-3C9C-4780-8E79-7FA456C9415A}
		{C2F3D61B-E2CD-4BDE-8E0D-4F30FDC4F192} = {FFA2B1A7-8DF3-40AC-8513-DA3E9D5DC24F}
		{37142BCA-8F23-47A6-879D-0233D5D389D0} = {7E7B12E4-225B-4841-95B8-F7493D8887B2}
		{2D0523E2-897F-4E20-8D1C-3E009D99CFFB} = {37142BCA-8F23-47A6-879D-0233D5D389D0}
		{BBB01FE1-A97B-4B6D-B265-16A2EE2FF0F9} = {37142BCA-8F23-47A6-879D-0233D5D389D0}
	EndGlobalSection
EndGlobal
