
Microsoft Visual Studio Solution File, Format Version 12.00
# Visual Studio 2013
VisualStudioVersion = 12.0.21005.1
MinimumVisualStudioVersion = 10.0.40219.1
Project("{FAE04EC0-301F-11D3-BF4B-00C04F79EFBC}") = "RRQACSimulator", "..\RRQACSimulator\RRQACSimulator.csproj", "{379DD4E7-02DF-4020-88BF-17ABDA653FFD}"
EndProject
Project("{2150E333-8FDC-42A3-9474-1A3956D46DE8}") = "Typed Query Dataset Preparation", "Typed Query Dataset Preparation", "{E68C72D0-FA4E-4F97-AD15-5B8E23172EB9}"
EndProject
Project("{2150E333-8FDC-42A3-9474-1A3956D46DE8}") = "QAC Implementations and Experimentation", "QAC Implementations and Experimentation", "{210A2D61-58FA-4524-BF4E-8256E6DD3B12}"
EndProject
Project("{2150E333-8FDC-42A3-9474-1A3956D46DE8}") = "Online Learning", "Online Learning", "{2AA08157-62D9-4DDD-98B8-202190B12B61}"
EndProject
Project("{FAE04EC0-301F-11D3-BF4B-00C04F79EFBC}") = "SogouTypedQueries", "SogouTypedQueries\SogouTypedQueries.csproj", "{8E1E43A1-48B6-42D5-B965-EC7523BB1176}"
EndProject
Project("{FAE04EC0-301F-11D3-BF4B-00C04F79EFBC}") = "MSNTypedQueries", "MSNTypedQueries\MSNTypedQueries.csproj", "{E0CD728B-9D6F-42EF-8190-2BCB65E74339}"
EndProject
Global
	GlobalSection(SolutionConfigurationPlatforms) = preSolution
		Debug|Any CPU = Debug|Any CPU
		Release|Any CPU = Release|Any CPU
	EndGlobalSection
	GlobalSection(ProjectConfigurationPlatforms) = postSolution
		{379DD4E7-02DF-4020-88BF-17ABDA653FFD}.Debug|Any CPU.ActiveCfg = Debug|Any CPU
		{379DD4E7-02DF-4020-88BF-17ABDA653FFD}.Debug|Any CPU.Build.0 = Debug|Any CPU
		{379DD4E7-02DF-4020-88BF-17ABDA653FFD}.Release|Any CPU.ActiveCfg = Release|Any CPU
		{379DD4E7-02DF-4020-88BF-17ABDA653FFD}.Release|Any CPU.Build.0 = Release|Any CPU
		{8E1E43A1-48B6-42D5-B965-EC7523BB1176}.Debug|Any CPU.ActiveCfg = Debug|Any CPU
		{8E1E43A1-48B6-42D5-B965-EC7523BB1176}.Debug|Any CPU.Build.0 = Debug|Any CPU
		{8E1E43A1-48B6-42D5-B965-EC7523BB1176}.Release|Any CPU.ActiveCfg = Release|Any CPU
		{8E1E43A1-48B6-42D5-B965-EC7523BB1176}.Release|Any CPU.Build.0 = Release|Any CPU
		{E0CD728B-9D6F-42EF-8190-2BCB65E74339}.Debug|Any CPU.ActiveCfg = Debug|Any CPU
		{E0CD728B-9D6F-42EF-8190-2BCB65E74339}.Debug|Any CPU.Build.0 = Debug|Any CPU
		{E0CD728B-9D6F-42EF-8190-2BCB65E74339}.Release|Any CPU.ActiveCfg = Release|Any CPU
		{E0CD728B-9D6F-42EF-8190-2BCB65E74339}.Release|Any CPU.Build.0 = Release|Any CPU
	EndGlobalSection
	GlobalSection(SolutionProperties) = preSolution
		HideSolutionNode = FALSE
	EndGlobalSection
	GlobalSection(NestedProjects) = preSolution
		{8E1E43A1-48B6-42D5-B965-EC7523BB1176} = {E68C72D0-FA4E-4F97-AD15-5B8E23172EB9}
		{E0CD728B-9D6F-42EF-8190-2BCB65E74339} = {E68C72D0-FA4E-4F97-AD15-5B8E23172EB9}
		{379DD4E7-02DF-4020-88BF-17ABDA653FFD} = {210A2D61-58FA-4524-BF4E-8256E6DD3B12}
	EndGlobalSection
EndGlobal
